
Microsoft Visual Studio Solution File, Format Version 12.00
# Visual Studio 15
VisualStudioVersion = 15.0.28010.2046
MinimumVisualStudioVersion = 10.0.40219.1
Project("{FAE04EC0-301F-11D3-BF4B-00C04F79EFBC}") = "awsConsole", "awsConsole\awsConsole.csproj", "{7B4EF43B-CE43-475D-9EFB-5B99BE607176}"
EndProject
Global
	GlobalSection(SolutionConfigurationPlatforms) = preSolution
		Debug|Any CPU = Debug|Any CPU
		Release|Any CPU = Release|Any CPU
	EndGlobalSection
	GlobalSection(ProjectConfigurationPlatforms) = postSolution
		{7B4EF43B-CE43-475D-9EFB-5B99BE607176}.Debug|Any CPU.ActiveCfg = Debug|Any CPU
		{7B4EF43B-CE43-475D-9EFB-5B99BE607176}.Debug|Any CPU.Build.0 = Debug|Any CPU
		{7B4EF43B-CE43-475D-9EFB-5B99BE607176}.Release|Any CPU.ActiveCfg = Release|Any CPU
		{7B4EF43B-CE43-475D-9EFB-5B99BE607176}.Release|Any CPU.Build.0 = Release|Any CPU
	EndGlobalSection
	GlobalSection(SolutionProperties) = preSolution
		HideSolutionNode = FALSE
	EndGlobalSection
	GlobalSection(ExtensibilityGlobals) = postSolution
		SolutionGuid = {8F87397E-0707-48D4-BEC0-DA9F7C4DA728}
	EndGlobalSection
EndGlobal
